
Microsoft Visual Studio Solution File, Format Version 10.00
# Visual Studio 2008
Project("{2150E333-8FDC-42A3-9474-1A3956D46DE8}") = "Engine", "Engine", "{D3BB6C47-9A74-4105-B681-580D13CF7149}"
EndProject
Project("{8BC9CEB8-8B4A-11D0-8D11-00A0C91BC942}") = "Ogre3D", "Client\Ogre3D\Ogre3D.vcproj", "{DDDBFE3D-AA46-43E6-9674-18ACBB9B89C4}"
	ProjectSection(ProjectDependencies) = postProject
		{39104CD7-52BF-4E08-A821-61B3CB0A6AB2} = {39104CD7-52BF-4E08-A821-61B3CB0A6AB2}
	EndProjectSection
EndProject
Project("{8BC9CEB8-8B4A-11D0-8D11-00A0C91BC942}") = "OgreCore", "Client\OgreCore\OgreCore.vcproj", "{39104CD7-52BF-4E08-A821-61B3CB0A6AB2}"
EndProject
Project("{8BC9CEB8-8B4A-11D0-8D11-00A0C91BC942}") = "OgreGui", "Client\OgreGui\OgreGui.vcproj", "{21855550-8C1B-4290-B1F5-A8AF29E898B0}"
	ProjectSection(ProjectDependencies) = postProject
		{DDDBFE3D-AA46-43E6-9674-18ACBB9B89C4} = {DDDBFE3D-AA46-43E6-9674-18ACBB9B89C4}
		{39104CD7-52BF-4E08-A821-61B3CB0A6AB2} = {39104CD7-52BF-4E08-A821-61B3CB0A6AB2}
	EndProjectSection
EndProject
Project("{8BC9CEB8-8B4A-11D0-8D11-00A0C91BC942}") = "RenderSystem_Direct3D9", "Client\RenderSystem\RenderSystem_Direct3D9\RenderSystem_Direct3D9.vcproj", "{2B9406ED-A488-4B93-828B-8DB828AFC571}"
	ProjectSection(ProjectDependencies) = postProject
		{DDDBFE3D-AA46-43E6-9674-18ACBB9B89C4} = {DDDBFE3D-AA46-43E6-9674-18ACBB9B89C4}
		{39104CD7-52BF-4E08-A821-61B3CB0A6AB2} = {39104CD7-52BF-4E08-A821-61B3CB0A6AB2}
	EndProjectSection
EndProject
Project("{2150E333-8FDC-42A3-9474-1A3956D46DE8}") = "Plugin", "Plugin", "{FAEAA092-C374-4BD4-9FDA-2EA99EB0081A}"
EndProject
Global
	GlobalSection(SolutionConfigurationPlatforms) = preSolution
		Debug|Win32 = Debug|Win32
		Release|Win32 = Release|Win32
	EndGlobalSection
	GlobalSection(ProjectConfigurationPlatforms) = postSolution
		{DDDBFE3D-AA46-43E6-9674-18ACBB9B89C4}.Debug|Win32.ActiveCfg = Debug|Win32
		{DDDBFE3D-AA46-43E6-9674-18ACBB9B89C4}.Debug|Win32.Build.0 = Debug|Win32
		{DDDBFE3D-AA46-43E6-9674-18ACBB9B89C4}.Release|Win32.ActiveCfg = Release|Win32
		{DDDBFE3D-AA46-43E6-9674-18ACBB9B89C4}.Release|Win32.Build.0 = Release|Win32
		{39104CD7-52BF-4E08-A821-61B3CB0A6AB2}.Debug|Win32.ActiveCfg = Debug|Win32
		{39104CD7-52BF-4E08-A821-61B3CB0A6AB2}.Debug|Win32.Build.0 = Debug|Win32
		{39104CD7-52BF-4E08-A821-61B3CB0A6AB2}.Release|Win32.ActiveCfg = Release|Win32
		{39104CD7-52BF-4E08-A821-61B3CB0A6AB2}.Release|Win32.Build.0 = Release|Win32
		{21855550-8C1B-4290-B1F5-A8AF29E898B0}.Debug|Win32.ActiveCfg = Debug|Win32
		{21855550-8C1B-4290-B1F5-A8AF29E898B0}.Debug|Win32.Build.0 = Debug|Win32
		{21855550-8C1B-4290-B1F5-A8AF29E898B0}.Release|Win32.ActiveCfg = Release|Win32
		{21855550-8C1B-4290-B1F5-A8AF29E898B0}.Release|Win32.Build.0 = Release|Win32
		{2B9406ED-A488-4B93-828B-8DB828AFC571}.Debug|Win32.ActiveCfg = Debug|Win32
		{2B9406ED-A488-4B93-828B-8DB828AFC571}.Debug|Win32.Build.0 = Debug|Win32
		{2B9406ED-A488-4B93-828B-8DB828AFC571}.Release|Win32.ActiveCfg = Release|Win32
		{2B9406ED-A488-4B93-828B-8DB828AFC571}.Release|Win32.Build.0 = Release|Win32
	EndGlobalSection
	GlobalSection(SolutionProperties) = preSolution
		HideSolutionNode = FALSE
	EndGlobalSection
	GlobalSection(NestedProjects) = preSolution
		{DDDBFE3D-AA46-43E6-9674-18ACBB9B89C4} = {D3BB6C47-9A74-4105-B681-580D13CF7149}
		{39104CD7-52BF-4E08-A821-61B3CB0A6AB2} = {D3BB6C47-9A74-4105-B681-580D13CF7149}
		{21855550-8C1B-4290-B1F5-A8AF29E898B0} = {D3BB6C47-9A74-4105-B681-580D13CF7149}
		{2B9406ED-A488-4B93-828B-8DB828AFC571} = {FAEAA092-C374-4BD4-9FDA-2EA99EB0081A}
	EndGlobalSection
EndGlobal
